
Microsoft Visual Studio Solution File, Format Version 12.00
# Visual Studio Version 17
VisualStudioVersion = 17.13.35825.156
MinimumVisualStudioVersion = 10.0.40219.1
Project("{FAE04EC0-301F-11D3-BF4B-00C04F79EFBC}") = "AntiAge.Api", "AntiAge\AntiAge.Api.csproj", "{8F40FA4E-2E51-4E8D-A4A5-6961AAC93B4C}"
EndProject
Project("{FAE04EC0-301F-11D3-BF4B-00C04F79EFBC}") = "AntiAge.Shared", "AntiAge.Shared.Dtos\AntiAge.Shared.csproj", "{441371A2-3E4D-492F-BA03-676A91E1071E}"
EndProject
Project("{FAE04EC0-301F-11D3-BF4B-00C04F79EFBC}") = "AntiAgeWASM", "AntiAgeWASM\AntiAgeWASM.csproj", "{4C2C5FC4-C995-4EE2-A212-B36B842E4458}"
EndProject
Project("{FAE04EC0-301F-11D3-BF4B-00C04F79EFBC}") = "AntiAge.Tests", "AntiAge.Tests\AntiAge.Tests.csproj", "{D07FEBB3-A045-4113-AFE1-2C63D3DEDB8E}"
EndProject
Global
	GlobalSection(SolutionConfigurationPlatforms) = preSolution
		Debug|Any CPU = Debug|Any CPU
		Release|Any CPU = Release|Any CPU
	EndGlobalSection
	GlobalSection(ProjectConfigurationPlatforms) = postSolution
		{8F40FA4E-2E51-4E8D-A4A5-6961AAC93B4C}.Debug|Any CPU.ActiveCfg = Debug|Any CPU
		{8F40FA4E-2E51-4E8D-A4A5-6961AAC93B4C}.Debug|Any CPU.Build.0 = Debug|Any CPU
		{8F40FA4E-2E51-4E8D-A4A5-6961AAC93B4C}.Release|Any CPU.ActiveCfg = Release|Any CPU
		{8F40FA4E-2E51-4E8D-A4A5-6961AAC93B4C}.Release|Any CPU.Build.0 = Release|Any CPU
		{441371A2-3E4D-492F-BA03-676A91E1071E}.Debug|Any CPU.ActiveCfg = Debug|Any CPU
		{441371A2-3E4D-492F-BA03-676A91E1071E}.Debug|Any CPU.Build.0 = Debug|Any CPU
		{441371A2-3E4D-492F-BA03-676A91E1071E}.Release|Any CPU.ActiveCfg = Release|Any CPU
		{441371A2-3E4D-492F-BA03-676A91E1071E}.Release|Any CPU.Build.0 = Release|Any CPU
		{4C2C5FC4-C995-4EE2-A212-B36B842E4458}.Debug|Any CPU.ActiveCfg = Debug|Any CPU
		{4C2C5FC4-C995-4EE2-A212-B36B842E4458}.Debug|Any CPU.Build.0 = Debug|Any CPU
		{4C2C5FC4-C995-4EE2-A212-B36B842E4458}.Release|Any CPU.ActiveCfg = Release|Any CPU
		{4C2C5FC4-C995-4EE2-A212-B36B842E4458}.Release|Any CPU.Build.0 = Release|Any CPU
		{D07FEBB3-A045-4113-AFE1-2C63D3DEDB8E}.Debug|Any CPU.ActiveCfg = Debug|Any CPU
		{D07FEBB3-A045-4113-AFE1-2C63D3DEDB8E}.Debug|Any CPU.Build.0 = Debug|Any CPU
		{D07FEBB3-A045-4113-AFE1-2C63D3DEDB8E}.Release|Any CPU.ActiveCfg = Release|Any CPU
		{D07FEBB3-A045-4113-AFE1-2C63D3DEDB8E}.Release|Any CPU.Build.0 = Release|Any CPU
	EndGlobalSection
	GlobalSection(SolutionProperties) = preSolution
		HideSolutionNode = FALSE
	EndGlobalSection
	GlobalSection(ExtensibilityGlobals) = postSolution
		SolutionGuid = {4B99EFAE-5B05-46AA-852F-1CCA8DB1D36E}
	EndGlobalSection
EndGlobal
